
Microsoft Visual Studio Solution File, Format Version 12.00
# Visual Studio 14
VisualStudioVersion = 14.0.25420.1
MinimumVisualStudioVersion = 10.0.40219.1
Project("{2150E333-8FDC-42A3-9474-1A3956D46DE8}") = "Service", "Service", "{C336F84E-01C4-4EA7-9EB1-A1FB7A4A0B09}"
EndProject
Project("{FAE04EC0-301F-11D3-BF4B-00C04F79EFBC}") = "CashAccountingSvr", "CashAccountingSvr\CashAccountingSvr.csproj", "{7487C059-F066-44EC-95D5-0BA3F6500415}"
EndProject
Project("{FAE04EC0-301F-11D3-BF4B-00C04F79EFBC}") = "CashAccountingEntities", "CashAccountingEntities\CashAccountingEntities.csproj", "{1889D7D6-4190-43AA-9E6C-F09A0B6DB662}"
EndProject
Project("{FAE04EC0-301F-11D3-BF4B-00C04F79EFBC}") = "CashAccountingIRepo", "CashAccountingIRepo\CashAccountingIRepo.csproj", "{BFCCC7C8-9FC9-4649-A7A7-BE6E894B6A6A}"
EndProject
Project("{FAE04EC0-301F-11D3-BF4B-00C04F79EFBC}") = "CashAccountingRepoMSSQL", "CashAccountingRepoMSSQL\CashAccountingRepoMSSQL.csproj", "{356496F5-1F4A-47A0-AEDF-5A134993A30E}"
EndProject
Project("{2150E333-8FDC-42A3-9474-1A3956D46DE8}") = "Logging", "Logging", "{C8F4B122-8C05-4FC8-8ED6-A328A0CF19BB}"
EndProject
Project("{2150E333-8FDC-42A3-9474-1A3956D46DE8}") = "Shared", "Shared", "{CD567CB5-775D-46C2-83BA-039504C5D05B}"
EndProject
Project("{FAE04EC0-301F-11D3-BF4B-00C04F79EFBC}") = "ILogging", "ILogging\ILogging.csproj", "{3404B2A2-4670-4E9B-BD32-0EE2FD5C340A}"
EndProject
Project("{FAE04EC0-301F-11D3-BF4B-00C04F79EFBC}") = "NLogLogger", "NLogLogger\NLogLogger.csproj", "{DEDF8F7C-8BDE-47DF-8C8D-55EB301473B1}"
EndProject
Project("{FAE04EC0-301F-11D3-BF4B-00C04F79EFBC}") = "CashAccountingShared", "CashAccountingShared\CashAccountingShared.csproj", "{828AC773-A212-49A5-917A-8FAB606E4E15}"
EndProject
Project("{2150E333-8FDC-42A3-9474-1A3956D46DE8}") = "Testing", "Testing", "{B32AA4CA-10E0-417F-B2E9-B5C8A3E2F878}"
EndProject
Project("{FAE04EC0-301F-11D3-BF4B-00C04F79EFBC}") = "TestLogger", "TestLogger\TestLogger.csproj", "{B5CE950F-D6D6-417F-AE55-CACA8EE899EC}"
EndProject
Project("{FAE04EC0-301F-11D3-BF4B-00C04F79EFBC}") = "TestService", "TestService\TestService.csproj", "{7A590E0C-D5B6-4DF3-A395-292104D89419}"
EndProject
Project("{FAE04EC0-301F-11D3-BF4B-00C04F79EFBC}") = "TrayHost", "TrayHost\TrayHost.csproj", "{34AA9237-8F7D-4134-B722-D6650CDBA781}"
EndProject
Global
	GlobalSection(SolutionConfigurationPlatforms) = preSolution
		Debug|Any CPU = Debug|Any CPU
		Release|Any CPU = Release|Any CPU
	EndGlobalSection
	GlobalSection(ProjectConfigurationPlatforms) = postSolution
		{7487C059-F066-44EC-95D5-0BA3F6500415}.Debug|Any CPU.ActiveCfg = Debug|Any CPU
		{7487C059-F066-44EC-95D5-0BA3F6500415}.Debug|Any CPU.Build.0 = Debug|Any CPU
		{7487C059-F066-44EC-95D5-0BA3F6500415}.Release|Any CPU.ActiveCfg = Release|Any CPU
		{7487C059-F066-44EC-95D5-0BA3F6500415}.Release|Any CPU.Build.0 = Release|Any CPU
		{1889D7D6-4190-43AA-9E6C-F09A0B6DB662}.Debug|Any CPU.ActiveCfg = Debug|Any CPU
		{1889D7D6-4190-43AA-9E6C-F09A0B6DB662}.Debug|Any CPU.Build.0 = Debug|Any CPU
		{1889D7D6-4190-43AA-9E6C-F09A0B6DB662}.Release|Any CPU.ActiveCfg = Release|Any CPU
		{1889D7D6-4190-43AA-9E6C-F09A0B6DB662}.Release|Any CPU.Build.0 = Release|Any CPU
		{BFCCC7C8-9FC9-4649-A7A7-BE6E894B6A6A}.Debug|Any CPU.ActiveCfg = Debug|Any CPU
		{BFCCC7C8-9FC9-4649-A7A7-BE6E894B6A6A}.Debug|Any CPU.Build.0 = Debug|Any CPU
		{BFCCC7C8-9FC9-4649-A7A7-BE6E894B6A6A}.Release|Any CPU.ActiveCfg = Release|Any CPU
		{BFCCC7C8-9FC9-4649-A7A7-BE6E894B6A6A}.Release|Any CPU.Build.0 = Release|Any CPU
		{356496F5-1F4A-47A0-AEDF-5A134993A30E}.Debug|Any CPU.ActiveCfg = Debug|Any CPU
		{356496F5-1F4A-47A0-AEDF-5A134993A30E}.Debug|Any CPU.Build.0 = Debug|Any CPU
		{356496F5-1F4A-47A0-AEDF-5A134993A30E}.Release|Any CPU.ActiveCfg = Release|Any CPU
		{356496F5-1F4A-47A0-AEDF-5A134993A30E}.Release|Any CPU.Build.0 = Release|Any CPU
		{3404B2A2-4670-4E9B-BD32-0EE2FD5C340A}.Debug|Any CPU.ActiveCfg = Debug|Any CPU
		{3404B2A2-4670-4E9B-BD32-0EE2FD5C340A}.Debug|Any CPU.Build.0 = Debug|Any CPU
		{3404B2A2-4670-4E9B-BD32-0EE2FD5C340A}.Release|Any CPU.ActiveCfg = Release|Any CPU
		{3404B2A2-4670-4E9B-BD32-0EE2FD5C340A}.Release|Any CPU.Build.0 = Release|Any CPU
		{DEDF8F7C-8BDE-47DF-8C8D-55EB301473B1}.Debug|Any CPU.ActiveCfg = Debug|Any CPU
		{DEDF8F7C-8BDE-47DF-8C8D-55EB301473B1}.Debug|Any CPU.Build.0 = Debug|Any CPU
		{DEDF8F7C-8BDE-47DF-8C8D-55EB301473B1}.Release|Any CPU.ActiveCfg = Release|Any CPU
		{DEDF8F7C-8BDE-47DF-8C8D-55EB301473B1}.Release|Any CPU.Build.0 = Release|Any CPU
		{828AC773-A212-49A5-917A-8FAB606E4E15}.Debug|Any CPU.ActiveCfg = Debug|Any CPU
		{828AC773-A212-49A5-917A-8FAB606E4E15}.Debug|Any CPU.Build.0 = Debug|Any CPU
		{828AC773-A212-49A5-917A-8FAB606E4E15}.Release|Any CPU.ActiveCfg = Release|Any CPU
		{828AC773-A212-49A5-917A-8FAB606E4E15}.Release|Any CPU.Build.0 = Release|Any CPU
		{B5CE950F-D6D6-417F-AE55-CACA8EE899EC}.Debug|Any CPU.ActiveCfg = Debug|Any CPU
		{B5CE950F-D6D6-417F-AE55-CACA8EE899EC}.Debug|Any CPU.Build.0 = Debug|Any CPU
		{B5CE950F-D6D6-417F-AE55-CACA8EE899EC}.Release|Any CPU.ActiveCfg = Release|Any CPU
		{B5CE950F-D6D6-417F-AE55-CACA8EE899EC}.Release|Any CPU.Build.0 = Release|Any CPU
		{7A590E0C-D5B6-4DF3-A395-292104D89419}.Debug|Any CPU.ActiveCfg = Debug|Any CPU
		{7A590E0C-D5B6-4DF3-A395-292104D89419}.Debug|Any CPU.Build.0 = Debug|Any CPU
		{7A590E0C-D5B6-4DF3-A395-292104D89419}.Release|Any CPU.ActiveCfg = Release|Any CPU
		{7A590E0C-D5B6-4DF3-A395-292104D89419}.Release|Any CPU.Build.0 = Release|Any CPU
		{34AA9237-8F7D-4134-B722-D6650CDBA781}.Debug|Any CPU.ActiveCfg = Debug|Any CPU
		{34AA9237-8F7D-4134-B722-D6650CDBA781}.Debug|Any CPU.Build.0 = Debug|Any CPU
		{34AA9237-8F7D-4134-B722-D6650CDBA781}.Release|Any CPU.ActiveCfg = Release|Any CPU
		{34AA9237-8F7D-4134-B722-D6650CDBA781}.Release|Any CPU.Build.0 = Release|Any CPU
	EndGlobalSection
	GlobalSection(SolutionProperties) = preSolution
		HideSolutionNode = FALSE
	EndGlobalSection
	GlobalSection(NestedProjects) = preSolution
		{7487C059-F066-44EC-95D5-0BA3F6500415} = {C336F84E-01C4-4EA7-9EB1-A1FB7A4A0B09}
		{1889D7D6-4190-43AA-9E6C-F09A0B6DB662} = {C336F84E-01C4-4EA7-9EB1-A1FB7A4A0B09}
		{BFCCC7C8-9FC9-4649-A7A7-BE6E894B6A6A} = {C336F84E-01C4-4EA7-9EB1-A1FB7A4A0B09}
		{356496F5-1F4A-47A0-AEDF-5A134993A30E} = {C336F84E-01C4-4EA7-9EB1-A1FB7A4A0B09}
		{3404B2A2-4670-4E9B-BD32-0EE2FD5C340A} = {C8F4B122-8C05-4FC8-8ED6-A328A0CF19BB}
		{DEDF8F7C-8BDE-47DF-8C8D-55EB301473B1} = {C8F4B122-8C05-4FC8-8ED6-A328A0CF19BB}
		{828AC773-A212-49A5-917A-8FAB606E4E15} = {CD567CB5-775D-46C2-83BA-039504C5D05B}
		{B5CE950F-D6D6-417F-AE55-CACA8EE899EC} = {B32AA4CA-10E0-417F-B2E9-B5C8A3E2F878}
		{7A590E0C-D5B6-4DF3-A395-292104D89419} = {B32AA4CA-10E0-417F-B2E9-B5C8A3E2F878}
		{34AA9237-8F7D-4134-B722-D6650CDBA781} = {C336F84E-01C4-4EA7-9EB1-A1FB7A4A0B09}
	EndGlobalSection
EndGlobal
